// !$*UTF8*$!
{
	archiveVersion = 1;
	classes = {
	};
	objectVersion = 56;
	objects = {

/* Begin PBXBuildFile section */
		76DFADA22C4B754C0038EABB /* CharadesApp.swift in Sources */ = {isa = PBXBuildFile; fileRef = 76DFADA12C4B754C0038EABB /* CharadesApp.swift */; };
		76DFADA42C4B754C0038EABB /* ContentView.swift in Sources */ = {isa = PBXBuildFile; fileRef = 76DFADA32C4B754C0038EABB /* ContentView.swift */; };
		76DFADA62C4B754E0038EABB /* Assets.xcassets in Resources */ = {isa = PBXBuildFile; fileRef = 76DFADA52C4B754E0038EABB /* Assets.xcassets */; };
		76DFADA92C4B754E0038EABB /* Preview Assets.xcassets in Resources */ = {isa = PBXBuildFile; fileRef = 76DFADA82C4B754E0038EABB /* Preview Assets.xcassets */; };
		76DFADAB2C4B754E0038EABB /* Persistence.swift in Sources */ = {isa = PBXBuildFile; fileRef = 76DFADAA2C4B754E0038EABB /* Persistence.swift */; };
		76DFADAE2C4B754E0038EABB /* Charades.xcdatamodeld in Sources */ = {isa = PBXBuildFile; fileRef = 76DFADAC2C4B754E0038EABB /* Charades.xcdatamodeld */; };
		76DFADBB2C4DBBC10038EABB /* CategoryView.swift in Sources */ = {isa = PBXBuildFile; fileRef = 76DFADBA2C4DBBC10038EABB /* CategoryView.swift */; };
		76DFADBD2C4DBBE40038EABB /* GameView.swift in Sources */ = {isa = PBXBuildFile; fileRef = 76DFADBC2C4DBBE40038EABB /* GameView.swift */; };
		76DFADC22C518D960038EABB /* Contentful in Frameworks */ = {isa = PBXBuildFile; productRef = 76DFADC12C518D960038EABB /* Contentful */; };
/* End PBXBuildFile section */

/* Begin PBXFileReference section */
		76DFAD9E2C4B754C0038EABB /* Charades.app */ = {isa = PBXFileReference; explicitFileType = wrapper.application; includeInIndex = 0; path = Charades.app; sourceTree = BUILT_PRODUCTS_DIR; };
		76DFADA12C4B754C0038EABB /* CharadesApp.swift */ = {isa = PBXFileReference; lastKnownFileType = sourcecode.swift; path = CharadesApp.swift; sourceTree = "<group>"; };
		76DFADA32C4B754C0038EABB /* ContentView.swift */ = {isa = PBXFileReference; lastKnownFileType = sourcecode.swift; path = ContentView.swift; sourceTree = "<group>"; };
		76DFADA52C4B754E0038EABB /* Assets.xcassets */ = {isa = PBXFileReference; lastKnownFileType = folder.assetcatalog; path = Assets.xcassets; sourceTree = "<group>"; };
		76DFADA82C4B754E0038EABB /* Preview Assets.xcassets */ = {isa = PBXFileReference; lastKnownFileType = folder.assetcatalog; path = "Preview Assets.xcassets"; sourceTree = "<group>"; };
		76DFADAA2C4B754E0038EABB /* Persistence.swift */ = {isa = PBXFileReference; lastKnownFileType = sourcecode.swift; path = Persistence.swift; sourceTree = "<group>"; };
		76DFADAD2C4B754E0038EABB /* Charades.xcdatamodel */ = {isa = PBXFileReference; lastKnownFileType = wrapper.xcdatamodel; path = Charades.xcdatamodel; sourceTree = "<group>"; };
		76DFADBA2C4DBBC10038EABB /* CategoryView.swift */ = {isa = PBXFileReference; lastKnownFileType = sourcecode.swift; path = CategoryView.swift; sourceTree = "<group>"; };
		76DFADBC2C4DBBE40038EABB /* GameView.swift */ = {isa = PBXFileReference; lastKnownFileType = sourcecode.swift; path = GameView.swift; sourceTree = "<group>"; };
/* End PBXFileReference section */

/* Begin PBXFrameworksBuildPhase section */
		76DFAD9B2C4B754C0038EABB /* Frameworks */ = {
			isa = PBXFrameworksBuildPhase;
			buildActionMask = 2147483647;
			files = (
				76DFADC22C518D960038EABB /* Contentful in Frameworks */,
			);
			runOnlyForDeploymentPostprocessing = 0;
		};
/* End PBXFrameworksBuildPhase section */

/* Begin PBXGroup section */
		76DFAD952C4B754C0038EABB = {
			isa = PBXGroup;
			children = (
				76DFADA02C4B754C0038EABB /* Charades */,
				76DFAD9F2C4B754C0038EABB /* Products */,
			);
			sourceTree = "<group>";
		};
		76DFAD9F2C4B754C0038EABB /* Products */ = {
			isa = PBXGroup;
			children = (
				76DFAD9E2C4B754C0038EABB /* Charades.app */,
			);
			name = Products;
			sourceTree = "<group>";
		};
		76DFADA02C4B754C0038EABB /* Charades */ = {
			isa = PBXGroup;
			children = (
				76DFADA12C4B754C0038EABB /* CharadesApp.swift */,
				76DFADA32C4B754C0038EABB /* ContentView.swift */,
				76DFADBA2C4DBBC10038EABB /* CategoryView.swift */,
				76DFADBC2C4DBBE40038EABB /* GameView.swift */,
				76DFADAA2C4B754E0038EABB /* Persistence.swift */,
				76DFADA52C4B754E0038EABB /* Assets.xcassets */,
				76DFADAC2C4B754E0038EABB /* Charades.xcdatamodeld */,
				76DFADA72C4B754E0038EABB /* Preview Content */,
			);
			path = Charades;
			sourceTree = "<group>";
		};
		76DFADA72C4B754E0038EABB /* Preview Content */ = {
			isa = PBXGroup;
			children = (
				76DFADA82C4B754E0038EABB /* Preview Assets.xcassets */,
			);
			path = "Preview Content";
			sourceTree = "<group>";
		};
/* End PBXGroup section */

/* Begin PBXNativeTarget section */
		76DFAD9D2C4B754C0038EABB /* Charades */ = {
			isa = PBXNativeTarget;
			buildConfigurationList = 76DFADB12C4B754E0038EABB /* Build configuration list for PBXNativeTarget "Charades" */;
			buildPhases = (
				76DFAD9A2C4B754C0038EABB /* Sources */,
				76DFAD9B2C4B754C0038EABB /* Frameworks */,
				76DFAD9C2C4B754C0038EABB /* Resources */,
			);
			buildRules = (
			);
			dependencies = (
			);
			name = Charades;
			packageProductDependencies = (
				76DFADC12C518D960038EABB /* Contentful */,
			);
			productName = Charades;
			productReference = 76DFAD9E2C4B754C0038EABB /* Charades.app */;
			productType = "com.apple.product-type.application";
		};
/* End PBXNativeTarget section */

/* Begin PBXProject section */
		76DFAD962C4B754C0038EABB /* Project object */ = {
			isa = PBXProject;
			attributes = {
				BuildIndependentTargetsInParallel = 1;
				LastSwiftUpdateCheck = 1540;
				LastUpgradeCheck = 1540;
				TargetAttributes = {
					76DFAD9D2C4B754C0038EABB = {
						CreatedOnToolsVersion = 15.4;
					};
				};
			};
			buildConfigurationList = 76DFAD992C4B754C0038EABB /* Build configuration list for PBXProject "Charades" */;
			compatibilityVersion = "Xcode 14.0";
			developmentRegion = en;
			hasScannedForEncodings = 0;
			knownRegions = (
				en,
				Base,
			);
			mainGroup = 76DFAD952C4B754C0038EABB;
			packageReferences = (
				76DFADC02C518D960038EABB /* XCRemoteSwiftPackageReference "contentful" */,
			);
			productRefGroup = 76DFAD9F2C4B754C0038EABB /* Products */;
			projectDirPath = "";
			projectRoot = "";
			targets = (
				76DFAD9D2C4B754C0038EABB /* Charades */,
			);
		};
/* End PBXProject section */

/* Begin PBXResourcesBuildPhase section */
		76DFAD9C2C4B754C0038EABB /* Resources */ = {
			isa = PBXResourcesBuildPhase;
			buildActionMask = 2147483647;
			files = (
				76DFADA92C4B754E0038EABB /* Preview Assets.xcassets in Resources */,
				76DFADA62C4B754E0038EABB /* Assets.xcassets in Resources */,
			);
			runOnlyForDeploymentPostprocessing = 0;
		};
/* End PBXResourcesBuildPhase section */

/* Begin PBXSourcesBuildPhase section */
		76DFAD9A2C4B754C0038EABB /* Sources */ = {
			isa = PBXSourcesBuildPhase;
			buildActionMask = 2147483647;
			files = (
				76DFADAE2C4B754E0038EABB /* Charades.xcdatamodeld in Sources */,
				76DFADAB2C4B754E0038EABB /* Persistence.swift in Sources */,
				76DFADA42C4B754C0038EABB /* ContentView.swift in Sources */,
				76DFADA22C4B754C0038EABB /* CharadesApp.swift in Sources */,
				76DFADBD2C4DBBE40038EABB /* GameView.swift in Sources */,
				76DFADBB2C4DBBC10038EABB /* CategoryView.swift in Sources */,
			);
			runOnlyForDeploymentPostprocessing = 0;
		};
/* End PBXSourcesBuildPhase section */

/* Begin XCBuildConfiguration section */
		76DFADAF2C4B754E0038EABB /* Debug */ = {
			isa = XCBuildConfiguration;
			buildSettings = {
				ALWAYS_SEARCH_USER_PATHS = NO;
				ASSETCATALOG_COMPILER_GENERATE_SWIFT_ASSET_SYMBOL_EXTENSIONS = YES;
				CLANG_ANALYZER_NONNULL = YES;
				CLANG_ANALYZER_NUMBER_OBJECT_CONVERSION = YES_AGGRESSIVE;
				CLANG_CXX_LANGUAGE_STANDARD = "gnu++20";
				CLANG_ENABLE_MODULES = YES;
				CLANG_ENABLE_OBJC_ARC = YES;
				CLANG_ENABLE_OBJC_WEAK = YES;
				CLANG_WARN_BLOCK_CAPTURE_AUTORELEASING = YES;
				CLANG_WARN_BOOL_CONVERSION = YES;
				CLANG_WARN_COMMA = YES;
				CLANG_WARN_CONSTANT_CONVERSION = YES;
				CLANG_WARN_DEPRECATED_OBJC_IMPLEMENTATIONS = YES;
				CLANG_WARN_DIRECT_OBJC_ISA_USAGE = YES_ERROR;
				CLANG_WARN_DOCUMENTATION_COMMENTS = YES;
				CLANG_WARN_EMPTY_BODY = YES;
				CLANG_WARN_ENUM_CONVERSION = YES;
				CLANG_WARN_INFINITE_RECURSION = YES;
				CLANG_WARN_INT_CONVERSION = YES;
				CLANG_WARN_NON_LITERAL_NULL_CONVERSION = YES;
				CLANG_WARN_OBJC_IMPLICIT_RETAIN_SELF = YES;
				CLANG_WARN_OBJC_LITERAL_CONVERSION = YES;
				CLANG_WARN_OBJC_ROOT_CLASS = YES_ERROR;
				CLANG_WARN_QUOTED_INCLUDE_IN_FRAMEWORK_HEADER = YES;
				CLANG_WARN_RANGE_LOOP_ANALYSIS = YES;
				CLANG_WARN_STRICT_PROTOTYPES = YES;
				CLANG_WARN_SUSPICIOUS_MOVE = YES;
				CLANG_WARN_UNGUARDED_AVAILABILITY = YES_AGGRESSIVE;
				CLANG_WARN_UNREACHABLE_CODE = YES;
				CLANG_WARN__DUPLICATE_METHOD_MATCH = YES;
				COPY_PHASE_STRIP = NO;
				DEBUG_INFORMATION_FORMAT = dwarf;
				ENABLE_STRICT_OBJC_MSGSEND = YES;
				ENABLE_TESTABILITY = YES;
				ENABLE_USER_SCRIPT_SANDBOXING = YES;
				GCC_C_LANGUAGE_STANDARD = gnu17;
				GCC_DYNAMIC_NO_PIC = NO;
				GCC_NO_COMMON_BLOCKS = YES;
				GCC_OPTIMIZATION_LEVEL = 0;
				GCC_PREPROCESSOR_DEFINITIONS = (
					"DEBUG=1",
					"$(inherited)",
				);
				GCC_WARN_64_TO_32_BIT_CONVERSION = YES;
				GCC_WARN_ABOUT_RETURN_TYPE = YES_ERROR;
				GCC_WARN_UNDECLARED_SELECTOR = YES;
				GCC_WARN_UNINITIALIZED_AUTOS = YES_AGGRESSIVE;
				GCC_WARN_UNUSED_FUNCTION = YES;
				GCC_WARN_UNUSED_VARIABLE = YES;
				IPHONEOS_DEPLOYMENT_TARGET = 17.0;
				LOCALIZATION_PREFERS_STRING_CATALOGS = YES;
				MTL_ENABLE_DEBUG_INFO = INCLUDE_SOURCE;
				MTL_FAST_MATH = YES;
				ONLY_ACTIVE_ARCH = YES;
				SDKROOT = iphoneos;
				SWIFT_ACTIVE_COMPILATION_CONDITIONS = "DEBUG $(inherited)";
				SWIFT_OPTIMIZATION_LEVEL = "-Onone";
			};
			name = Debug;
		};
		76DFADB02C4B754E0038EABB /* Release */ = {
			isa = XCBuildConfiguration;
			buildSettings = {
				ALWAYS_SEARCH_USER_PATHS = NO;
				ASSETCATALOG_COMPILER_GENERATE_SWIFT_ASSET_SYMBOL_EXTENSIONS = YES;
				CLANG_ANALYZER_NONNULL = YES;
				CLANG_ANALYZER_NUMBER_OBJECT_CONVERSION = YES_AGGRESSIVE;
				CLANG_CXX_LANGUAGE_STANDARD = "gnu++20";
				CLANG_ENABLE_MODULES = YES;
				CLANG_ENABLE_OBJC_ARC = YES;
				CLANG_ENABLE_OBJC_WEAK = YES;
				CLANG_WARN_BLOCK_CAPTURE_AUTORELEASING = YES;
				CLANG_WARN_BOOL_CONVERSION = YES;
				CLANG_WARN_COMMA = YES;
				CLANG_WARN_CONSTANT_CONVERSION = YES;
				CLANG_WARN_DEPRECATED_OBJC_IMPLEMENTATIONS = YES;
				CLANG_WARN_DIRECT_OBJC_ISA_USAGE = YES_ERROR;
				CLANG_WARN_DOCUMENTATION_COMMENTS = YES;
				CLANG_WARN_EMPTY_BODY = YES;
				CLANG_WARN_ENUM_CONVERSION = YES;
				CLANG_WARN_INFINITE_RECURSION = YES;
				CLANG_WARN_INT_CONVERSION = YES;
				CLANG_WARN_NON_LITERAL_NULL_CONVERSION = YES;
				CLANG_WARN_OBJC_IMPLICIT_RETAIN_SELF = YES;
				CLANG_WARN_OBJC_LITERAL_CONVERSION = YES;
				CLANG_WARN_OBJC_ROOT_CLASS = YES_ERROR;
				CLANG_WARN_QUOTED_INCLUDE_IN_FRAMEWORK_HEADER = YES;
				CLANG_WARN_RANGE_LOOP_ANALYSIS = YES;
				CLANG_WARN_STRICT_PROTOTYPES = YES;
				CLANG_WARN_SUSPICIOUS_MOVE = YES;
				CLANG_WARN_UNGUARDED_AVAILABILITY = YES_AGGRESSIVE;
				CLANG_WARN_UNREACHABLE_CODE = YES;
				CLANG_WARN__DUPLICATE_METHOD_MATCH = YES;
				COPY_PHASE_STRIP = NO;
				DEBUG_INFORMATION_FORMAT = "dwarf-with-dsym";
				ENABLE_NS_ASSERTIONS = NO;
				ENABLE_STRICT_OBJC_MSGSEND = YES;
				ENABLE_USER_SCRIPT_SANDBOXING = YES;
				GCC_C_LANGUAGE_STANDARD = gnu17;
				GCC_NO_COMMON_BLOCKS = YES;
				GCC_WARN_64_TO_32_BIT_CONVERSION = YES;
				GCC_WARN_ABOUT_RETURN_TYPE = YES_ERROR;
				GCC_WARN_UNDECLARED_SELECTOR = YES;
				GCC_WARN_UNINITIALIZED_AUTOS = YES_AGGRESSIVE;
				GCC_WARN_UNUSED_FUNCTION = YES;
				GCC_WARN_UNUSED_VARIABLE = YES;
				IPHONEOS_DEPLOYMENT_TARGET = 17.0;
				LOCALIZATION_PREFERS_STRING_CATALOGS = YES;
				MTL_ENABLE_DEBUG_INFO = NO;
				MTL_FAST_MATH = YES;
				SDKROOT = iphoneos;
				SWIFT_COMPILATION_MODE = wholemodule;
				VALIDATE_PRODUCT = YES;
			};
			name = Release;
		};
		76DFADB22C4B754E0038EABB /* Debug */ = {
			isa = XCBuildConfiguration;
			buildSettings = {
				ASSETCATALOG_COMPILER_APPICON_NAME = AppIcon;
				ASSETCATALOG_COMPILER_GLOBAL_ACCENT_COLOR_NAME = AccentColor;
				CODE_SIGN_STYLE = Automatic;
				CURRENT_PROJECT_VERSION = 1;
				DEVELOPMENT_ASSET_PATHS = "\"Charades/Preview Content\"";
				DEVELOPMENT_TEAM = 7N7A45974Q;
				ENABLE_PREVIEWS = YES;
				GENERATE_INFOPLIST_FILE = YES;
				INFOPLIST_KEY_UIApplicationSceneManifest_Generation = YES;
				INFOPLIST_KEY_UIApplicationSupportsIndirectInputEvents = YES;
				INFOPLIST_KEY_UILaunchScreen_Generation = YES;
				INFOPLIST_KEY_UISupportedInterfaceOrientations_iPad = "UIInterfaceOrientationPortrait UIInterfaceOrientationPortraitUpsideDown UIInterfaceOrientationLandscapeLeft UIInterfaceOrientationLandscapeRight";
				INFOPLIST_KEY_UISupportedInterfaceOrientations_iPhone = "UIInterfaceOrientationPortrait UIInterfaceOrientationLandscapeLeft UIInterfaceOrientationLandscapeRight";
				LD_RUNPATH_SEARCH_PATHS = (
					"$(inherited)",
					"@executable_path/Frameworks",
				);
				MARKETING_VERSION = 1.0;
				PRODUCT_BUNDLE_IDENTIFIER = com.theneuronalcoder.Charades;
				PRODUCT_NAME = "$(TARGET_NAME)";
				SUPPORTED_PLATFORMS = "iphoneos iphonesimulator";
				SUPPORTS_MACCATALYST = NO;
				SUPPORTS_MAC_DESIGNED_FOR_IPHONE_IPAD = NO;
				SUPPORTS_XR_DESIGNED_FOR_IPHONE_IPAD = NO;
				SWIFT_EMIT_LOC_STRINGS = YES;
				SWIFT_VERSION = 5.0;
				TARGETED_DEVICE_FAMILY = "1,2";
			};
			name = Debug;
		};
		76DFADB32C4B754E0038EABB /* Release */ = {
			isa = XCBuildConfiguration;
			buildSettings = {
				ASSETCATALOG_COMPILER_APPICON_NAME = AppIcon;
				ASSETCATALOG_COMPILER_GLOBAL_ACCENT_COLOR_NAME = AccentColor;
				CODE_SIGN_STYLE = Automatic;
				CURRENT_PROJECT_VERSION = 1;
				DEVELOPMENT_ASSET_PATHS = "\"Charades/Preview Content\"";
				DEVELOPMENT_TEAM = 7N7A45974Q;
				ENABLE_PREVIEWS = YES;
				GENERATE_INFOPLIST_FILE = YES;
				INFOPLIST_KEY_UIApplicationSceneManifest_Generation = YES;
				INFOPLIST_KEY_UIApplicationSupportsIndirectInputEvents = YES;
				INFOPLIST_KEY_UILaunchScreen_Generation = YES;
				INFOPLIST_KEY_UISupportedInterfaceOrientations_iPad = "UIInterfaceOrientationPortrait UIInterfaceOrientationPortraitUpsideDown UIInterfaceOrientationLandscapeLeft UIInterfaceOrientationLandscapeRight";
				INFOPLIST_KEY_UISupportedInterfaceOrientations_iPhone = "UIInterfaceOrientationPortrait UIInterfaceOrientationLandscapeLeft UIInterfaceOrientationLandscapeRight";
				LD_RUNPATH_SEARCH_PATHS = (
					"$(inherited)",
					"@executable_path/Frameworks",
				);
				MARKETING_VERSION = 1.0;
				PRODUCT_BUNDLE_IDENTIFIER = com.theneuronalcoder.Charades;
				PRODUCT_NAME = "$(TARGET_NAME)";
				SUPPORTED_PLATFORMS = "iphoneos iphonesimulator";
				SUPPORTS_MACCATALYST = NO;
				SUPPORTS_MAC_DESIGNED_FOR_IPHONE_IPAD = NO;
				SUPPORTS_XR_DESIGNED_FOR_IPHONE_IPAD = NO;
				SWIFT_EMIT_LOC_STRINGS = YES;
				SWIFT_VERSION = 5.0;
				TARGETED_DEVICE_FAMILY = "1,2";
			};
			name = Release;
		};
/* End XCBuildConfiguration section */

/* Begin XCConfigurationList section */
		76DFAD992C4B754C0038EABB /* Build configuration list for PBXProject "Charades" */ = {
			isa = XCConfigurationList;
			buildConfigurations = (
				76DFADAF2C4B754E0038EABB /* Debug */,
				76DFADB02C4B754E0038EABB /* Release */,
			);
			defaultConfigurationIsVisible = 0;
			defaultConfigurationName = Release;
		};
		76DFADB12C4B754E0038EABB /* Build configuration list for PBXNativeTarget "Charades" */ = {
			isa = XCConfigurationList;
			buildConfigurations = (
				76DFADB22C4B754E0038EABB /* Debug */,
				76DFADB32C4B754E0038EABB /* Release */,
			);
			defaultConfigurationIsVisible = 0;
			defaultConfigurationName = Release;
		};
/* End XCConfigurationList section */

/* Begin XCRemoteSwiftPackageReference section */
		76DFADC02C518D960038EABB /* XCRemoteSwiftPackageReference "contentful" */ = {
			isa = XCRemoteSwiftPackageReference;
			repositoryURL = "https://github.com/contentful/contentful.swift";
			requirement = {
				kind = upToNextMajorVersion;
				minimumVersion = 5.0.0;
			};
		};
/* End XCRemoteSwiftPackageReference section */

/* Begin XCSwiftPackageProductDependency section */
		76DFADC12C518D960038EABB /* Contentful */ = {
			isa = XCSwiftPackageProductDependency;
			package = 76DFADC02C518D960038EABB /* XCRemoteSwiftPackageReference "contentful" */;
			productName = Contentful;
		};
/* End XCSwiftPackageProductDependency section */

/* Begin XCVersionGroup section */
		76DFADAC2C4B754E0038EABB /* Charades.xcdatamodeld */ = {
			isa = XCVersionGroup;
			children = (
				76DFADAD2C4B754E0038EABB /* Charades.xcdatamodel */,
			);
			currentVersion = 76DFADAD2C4B754E0038EABB /* Charades.xcdatamodel */;
			path = Charades.xcdatamodeld;
			sourceTree = "<group>";
			versionGroupType = wrapper.xcdatamodel;
		};
/* End XCVersionGroup section */
	};
	rootObject = 76DFAD962C4B754C0038EABB /* Project object */;
}
